
Microsoft Visual Studio Solution File, Format Version 12.00
# Visual Studio Version 17
VisualStudioVersion = 17.6.33801.468
MinimumVisualStudioVersion = 10.0.40219.1
Project("{FAE04EC0-301F-11D3-BF4B-00C04F79EFBC}") = "Synonyms_Test", "Synonyms_Test.csproj", "{17CC551F-AB7B-4704-9428-F8218E05DB48}"
EndProject
Project("{FAE04EC0-301F-11D3-BF4B-00C04F79EFBC}") = "Shared", "..\Shared\Shared.csproj", "{B93A1521-D14B-417B-8A5F-D8F779E772FD}"
EndProject
Project("{FAE04EC0-301F-11D3-BF4B-00C04F79EFBC}") = "Services", "..\Services\Services.csproj", "{FB466C1D-2310-43DF-8CCA-572ADF2A139E}"
EndProject
Project("{FAE04EC0-301F-11D3-BF4B-00C04F79EFBC}") = "Services.Tests", "..\Services.Tests\Services.Tests.csproj", "{89F8DCBF-C0D7-4E16-842A-AFF155913D9D}"
EndProject
Project("{FAE04EC0-301F-11D3-BF4B-00C04F79EFBC}") = "Synonym_Test.Tests", "..\Synonym_Test.Tests\Synonym_Test.Tests.csproj", "{31C2055A-060B-4383-B418-562C6CC74005}"
EndProject
Global
	GlobalSection(SolutionConfigurationPlatforms) = preSolution
		Debug|Any CPU = Debug|Any CPU
		Release|Any CPU = Release|Any CPU
	EndGlobalSection
	GlobalSection(ProjectConfigurationPlatforms) = postSolution
		{17CC551F-AB7B-4704-9428-F8218E05DB48}.Debug|Any CPU.ActiveCfg = Debug|Any CPU
		{17CC551F-AB7B-4704-9428-F8218E05DB48}.Debug|Any CPU.Build.0 = Debug|Any CPU
		{17CC551F-AB7B-4704-9428-F8218E05DB48}.Release|Any CPU.ActiveCfg = Release|Any CPU
		{17CC551F-AB7B-4704-9428-F8218E05DB48}.Release|Any CPU.Build.0 = Release|Any CPU
		{B93A1521-D14B-417B-8A5F-D8F779E772FD}.Debug|Any CPU.ActiveCfg = Debug|Any CPU
		{B93A1521-D14B-417B-8A5F-D8F779E772FD}.Debug|Any CPU.Build.0 = Debug|Any CPU
		{B93A1521-D14B-417B-8A5F-D8F779E772FD}.Release|Any CPU.ActiveCfg = Release|Any CPU
		{B93A1521-D14B-417B-8A5F-D8F779E772FD}.Release|Any CPU.Build.0 = Release|Any CPU
		{FB466C1D-2310-43DF-8CCA-572ADF2A139E}.Debug|Any CPU.ActiveCfg = Debug|Any CPU
		{FB466C1D-2310-43DF-8CCA-572ADF2A139E}.Debug|Any CPU.Build.0 = Debug|Any CPU
		{FB466C1D-2310-43DF-8CCA-572ADF2A139E}.Release|Any CPU.ActiveCfg = Release|Any CPU
		{FB466C1D-2310-43DF-8CCA-572ADF2A139E}.Release|Any CPU.Build.0 = Release|Any CPU
		{89F8DCBF-C0D7-4E16-842A-AFF155913D9D}.Debug|Any CPU.ActiveCfg = Debug|Any CPU
		{89F8DCBF-C0D7-4E16-842A-AFF155913D9D}.Debug|Any CPU.Build.0 = Debug|Any CPU
		{89F8DCBF-C0D7-4E16-842A-AFF155913D9D}.Release|Any CPU.ActiveCfg = Release|Any CPU
		{89F8DCBF-C0D7-4E16-842A-AFF155913D9D}.Release|Any CPU.Build.0 = Release|Any CPU
		{31C2055A-060B-4383-B418-562C6CC74005}.Debug|Any CPU.ActiveCfg = Debug|Any CPU
		{31C2055A-060B-4383-B418-562C6CC74005}.Debug|Any CPU.Build.0 = Debug|Any CPU
		{31C2055A-060B-4383-B418-562C6CC74005}.Release|Any CPU.ActiveCfg = Release|Any CPU
		{31C2055A-060B-4383-B418-562C6CC74005}.Release|Any CPU.Build.0 = Release|Any CPU
	EndGlobalSection
	GlobalSection(SolutionProperties) = preSolution
		HideSolutionNode = FALSE
	EndGlobalSection
	GlobalSection(ExtensibilityGlobals) = postSolution
		SolutionGuid = {E0A0CC2C-5D4C-4B6B-9CA7-25C1C2379CB5}
	EndGlobalSection
EndGlobal
